
Microsoft Visual Studio Solution File, Format Version 12.00
# Visual Studio Version 16
VisualStudioVersion = 16.0.33529.622
MinimumVisualStudioVersion = 10.0.40219.1
Project("{FAE04EC0-301F-11D3-BF4B-00C04F79EFBC}") = "DesignPattern.TemplateMethod", "DesignPattern.TemplateMethod\DesignPattern.TemplateMethod.csproj", "{BF5382D4-9C34-4275-BF79-996CF2ECDF8C}"
EndProject
Global
	GlobalSection(SolutionConfigurationPlatforms) = preSolution
		Debug|Any CPU = Debug|Any CPU
		Release|Any CPU = Release|Any CPU
	EndGlobalSection
	GlobalSection(ProjectConfigurationPlatforms) = postSolution
		{BF5382D4-9C34-4275-BF79-996CF2ECDF8C}.Debug|Any CPU.ActiveCfg = Debug|Any CPU
		{BF5382D4-9C34-4275-BF79-996CF2ECDF8C}.Debug|Any CPU.Build.0 = Debug|Any CPU
		{BF5382D4-9C34-4275-BF79-996CF2ECDF8C}.Release|Any CPU.ActiveCfg = Release|Any CPU
		{BF5382D4-9C34-4275-BF79-996CF2ECDF8C}.Release|Any CPU.Build.0 = Release|Any CPU
	EndGlobalSection
	GlobalSection(SolutionProperties) = preSolution
		HideSolutionNode = FALSE
	EndGlobalSection
	GlobalSection(ExtensibilityGlobals) = postSolution
		SolutionGuid = {2EFD9DBC-D597-4675-82CA-FC74EDBA8CFD}
	EndGlobalSection
EndGlobal
